{
  "version": 4,
  "terraform_version": "1.5.6",
  "serial": 635,
  "lineage": "eb56b8b2-9e01-3b89-d3dd-ca5a8220b7dc",
  "outputs": {
    "halo_elb": {
      "value": "halo-terraform-elb-280163959.ca-central-1.elb.amazonaws.com",
      "type": "string"
    },
    "nat_gateway_name": {
      "value": "halo-terraform-nat-gateway",
      "type": "string"
    },
    "nat_gateway_privateIp": {
      "value": "10.0.0.13",
      "type": "string"
    },
    "nat_gateway_publicIp": {
      "value": "99.79.90.206",
      "type": "string"
    },
    "vpc_name": {
      "value": "halo-terraform",
      "type": "string"
    }
  },
  "resources": [
    {
      "mode": "managed",
      "type": "aws_ecs_task_definition",
      "name": "halo-hub",
      "provider": "provider[\"registry.terraform.io/hashicorp/aws\"]",
      "instances": [
        {
          "index_key": "selenium-terraform-hub",
          "schema_version": 1,
          "attributes": {
            "arn": "arn:aws:ecs:ca-central-1:578841480116:task-definition/selenium-terraform-hub:4",
            "arn_without_revision": "arn:aws:ecs:ca-central-1:578841480116:task-definition/selenium-terraform-hub",
            "container_definitions": "[{\"cpu\":0,\"environment\":[],\"environmentFiles\":[],\"essential\":true,\"image\":\"public.ecr.aws/j7f3e3s3/selenium-hub:latest\",\"logConfiguration\":{\"logDriver\":\"awslogs\",\"options\":{\"awslogs-create-group\":\"true\",\"awslogs-group\":\"/ecs/selenium-hub\",\"awslogs-region\":\"ca-central-1\",\"awslogs-stream-prefix\":\"ecs\"},\"secretOptions\":[]},\"mountPoints\":[],\"name\":\"selenium-hub\",\"portMappings\":[{\"appProtocol\":\"http\",\"containerPort\":4443,\"hostPort\":4443,\"name\":\"selenium-hub-4443-tcp\",\"protocol\":\"tcp\"},{\"appProtocol\":\"http\",\"containerPort\":4444,\"hostPort\":4444,\"name\":\"selenium-hub-4444-tcp\",\"protocol\":\"tcp\"},{\"appProtocol\":\"http\",\"containerPort\":4442,\"hostPort\":4442,\"name\":\"selenium-hub-4442-tcp\",\"protocol\":\"tcp\"}],\"ulimits\":[],\"volumesFrom\":[]}]",
            "cpu": "4096",
            "ephemeral_storage": [],
            "execution_role_arn": "arn:aws:iam::578841480116:role/halo-terraform-role",
            "family": "selenium-terraform-hub",
            "id": "selenium-terraform-hub",
            "inference_accelerator": [],
            "ipc_mode": "",
            "memory": "9216",
            "network_mode": "awsvpc",
            "pid_mode": "",
            "placement_constraints": [],
            "proxy_configuration": [],
            "requires_compatibilities": [
              "FARGATE"
            ],
            "revision": 4,
            "runtime_platform": [
              {
                "cpu_architecture": "X86_64",
                "operating_system_family": "LINUX"
              }
            ],
            "skip_destroy": false,
            "tags": null,
            "tags_all": {},
            "task_role_arn": "",
            "volume": []
          },
          "sensitive_attributes": [],
          "private": "eyJzY2hlbWFfdmVyc2lvbiI6IjEifQ==",
          "dependencies": [
            "aws_iam_role.halo-ecs-role"
          ]
        },
        {
          "index_key": "selenium-terraform-node-chrome",
          "schema_version": 1,
          "attributes": {
            "arn": "arn:aws:ecs:ca-central-1:578841480116:task-definition/selenium-terraform-node-chrome:4",
            "arn_without_revision": "arn:aws:ecs:ca-central-1:578841480116:task-definition/selenium-terraform-node-chrome",
            "container_definitions": "[{\"cpu\":0,\"environment\":[{\"name\":\"NODE_MAX_INSTANCES\",\"value\":\"1\"},{\"name\":\"SE_EVENT_BUS_HOST\",\"value\":\"10.0.0.85\"},{\"name\":\"SE_EVENT_BUS_PUBLISH_PORT\",\"value\":\"4442\"},{\"name\":\"SE_EVENT_BUS_SUBSCRIBE_PORT\",\"value\":\"4443\"},{\"name\":\"SE_NODE_MAX_SESSIONS\",\"value\":\"1\"},{\"name\":\"SE_NODE_OVERRIDE_MAX_SESSIONS\",\"value\":\"true\"},{\"name\":\"SE_NODE_PORT\",\"value\":\"5555\"},{\"name\":\"SE_SESSION_REQUEST_TIMEOUT\",\"value\":\"920\"}],\"essential\":true,\"image\":\"public.ecr.aws/j7f3e3s3/selenium-node-chrome:latest\",\"logConfiguration\":{\"logDriver\":\"awslogs\",\"options\":{\"awslogs-create-group\":\"true\",\"awslogs-group\":\"/ecs/selenium-node-chrome\",\"awslogs-region\":\"ca-central-1\",\"awslogs-stream-prefix\":\"ecs\"}},\"mountPoints\":[],\"name\":\"selenium-node-chrome\",\"portMappings\":[{\"appProtocol\":\"http\",\"containerPort\":5900,\"hostPort\":5900,\"name\":\"selenium-node-chrome-5900-tcp\",\"protocol\":\"tcp\"}],\"volumesFrom\":[]}]",
            "cpu": "1024",
            "ephemeral_storage": [],
            "execution_role_arn": "arn:aws:iam::578841480116:role/halo-terraform-role",
            "family": "selenium-terraform-node-chrome",
            "id": "selenium-terraform-node-chrome",
            "inference_accelerator": [],
            "ipc_mode": "",
            "memory": "2048",
            "network_mode": "awsvpc",
            "pid_mode": "",
            "placement_constraints": [],
            "proxy_configuration": [],
            "requires_compatibilities": [
              "FARGATE"
            ],
            "revision": 4,
            "runtime_platform": [
              {
                "cpu_architecture": "X86_64",
                "operating_system_family": "LINUX"
              }
            ],
            "skip_destroy": false,
            "tags": null,
            "tags_all": {},
            "task_role_arn": "",
            "volume": []
          },
          "sensitive_attributes": [],
          "private": "eyJzY2hlbWFfdmVyc2lvbiI6IjEifQ==",
          "dependencies": [
            "aws_iam_role.halo-ecs-role"
          ]
        }
      ]
    },
    {
      "mode": "managed",
      "type": "aws_eip",
      "name": "haloPublicNatIP",
      "provider": "provider[\"registry.terraform.io/hashicorp/aws\"]",
      "instances": [
        {
          "schema_version": 0,
          "attributes": {
            "address": null,
            "allocation_id": "eipalloc-040d3f4cce71d6dec",
            "associate_with_private_ip": null,
            "association_id": "",
            "carrier_ip": "",
            "customer_owned_ip": "",
            "customer_owned_ipv4_pool": "",
            "domain": "vpc",
            "id": "eipalloc-040d3f4cce71d6dec",
            "instance": "",
            "network_border_group": "ca-central-1",
            "network_interface": "",
            "private_dns": null,
            "private_ip": "",
            "public_dns": "ec2-99-79-90-206.ca-central-1.compute.amazonaws.com",
            "public_ip": "99.79.90.206",
            "public_ipv4_pool": "amazon",
            "tags": null,
            "tags_all": {},
            "timeouts": null,
            "vpc": true
          },
          "sensitive_attributes": [],
          "private": "eyJlMmJmYjczMC1lY2FhLTExZTYtOGY4OC0zNDM2M2JjN2M0YzAiOnsiZGVsZXRlIjoxODAwMDAwMDAwMDAsInJlYWQiOjkwMDAwMDAwMDAwMCwidXBkYXRlIjozMDAwMDAwMDAwMDB9fQ==",
          "dependencies": [
            "aws_internet_gateway.halo-terraform-igw",
            "aws_vpc.halo_terraform_vpc"
          ]
        }
      ]
    },
    {
      "mode": "managed",
      "type": "aws_iam_role",
      "name": "halo-ecs-role",
      "provider": "provider[\"registry.terraform.io/hashicorp/aws\"]",
      "instances": [
        {
          "schema_version": 0,
          "attributes": {
            "arn": "arn:aws:iam::578841480116:role/halo-terraform-role",
            "assume_role_policy": "{\"Statement\":[{\"Action\":\"sts:AssumeRole\",\"Effect\":\"Allow\",\"Principal\":{\"Service\":\"ecs-tasks.amazonaws.com\"},\"Sid\":\"\"}],\"Version\":\"2008-10-17\"}",
            "create_date": "2023-10-26T12:26:26Z",
            "description": "",
            "force_detach_policies": false,
            "id": "halo-terraform-role",
            "inline_policy": [],
            "managed_policy_arns": [],
            "max_session_duration": 3600,
            "name": "halo-terraform-role",
            "name_prefix": "",
            "path": "/",
            "permissions_boundary": null,
            "tags": null,
            "tags_all": {},
            "unique_id": "AROAYNRNEBO2K2UH4QPE5"
          },
          "sensitive_attributes": [],
          "private": "bnVsbA=="
        }
      ]
    },
    {
      "mode": "managed",
      "type": "aws_iam_role_policy",
      "name": "name",
      "provider": "provider[\"registry.terraform.io/hashicorp/aws\"]",
      "instances": [
        {
          "schema_version": 0,
          "attributes": {
            "id": "halo-terraform-role:Custom-Terraform-ECSTaskExecutionPolicy",
            "name": "Custom-Terraform-ECSTaskExecutionPolicy",
            "name_prefix": null,
            "policy": "{\"Version\":\"2012-10-17\",\"Statement\":[{\"Action\":[\"ecr:GetAuthorizationToken\",\"ecr:BatchCheckLayerAvailability\",\"ecr:GetDownloadUrlForLayer\",\"ecr:BatchGetImage\",\"logs:CreateLogStream\",\"logs:PutLogEvents\",\"logs:CreateLogGroup\"],\"Effect\":\"Allow\",\"Resource\":\"*\"}]}",
            "role": "halo-terraform-role"
          },
          "sensitive_attributes": [],
          "private": "bnVsbA==",
          "dependencies": [
            "aws_iam_role.halo-ecs-role"
          ]
        }
      ]
    },
    {
      "mode": "managed",
      "type": "aws_internet_gateway",
      "name": "halo-terraform-igw",
      "provider": "provider[\"registry.terraform.io/hashicorp/aws\"]",
      "instances": [
        {
          "schema_version": 0,
          "attributes": {
            "arn": "arn:aws:ec2:ca-central-1:578841480116:internet-gateway/igw-0bbe88e2cfcf5c2b9",
            "id": "igw-0bbe88e2cfcf5c2b9",
            "owner_id": "578841480116",
            "tags": {
              "Name": "halo-terraform-igw"
            },
            "tags_all": {
              "Name": "halo-terraform-igw"
            },
            "timeouts": null,
            "vpc_id": "vpc-02855e8d81cbc6821"
          },
          "sensitive_attributes": [],
          "private": "eyJlMmJmYjczMC1lY2FhLTExZTYtOGY4OC0zNDM2M2JjN2M0YzAiOnsiY3JlYXRlIjoxMjAwMDAwMDAwMDAwLCJkZWxldGUiOjEyMDAwMDAwMDAwMDAsInVwZGF0ZSI6MTIwMDAwMDAwMDAwMH19",
          "dependencies": [
            "aws_vpc.halo_terraform_vpc"
          ]
        }
      ]
    },
    {
      "mode": "managed",
      "type": "aws_lb",
      "name": "halo-elb",
      "provider": "provider[\"registry.terraform.io/hashicorp/aws\"]",
      "instances": [
        {
          "schema_version": 0,
          "attributes": {
            "access_logs": [
              {
                "bucket": "",
                "enabled": false,
                "prefix": ""
              }
            ],
            "arn": "arn:aws:elasticloadbalancing:ca-central-1:578841480116:loadbalancer/app/halo-terraform-elb/723f2d90b23c3aa0",
            "arn_suffix": "app/halo-terraform-elb/723f2d90b23c3aa0",
            "customer_owned_ipv4_pool": "",
            "desync_mitigation_mode": "defensive",
            "dns_name": "halo-terraform-elb-280163959.ca-central-1.elb.amazonaws.com",
            "drop_invalid_header_fields": false,
            "enable_cross_zone_load_balancing": true,
            "enable_deletion_protection": false,
            "enable_http2": true,
            "enable_tls_version_and_cipher_suite_headers": false,
            "enable_waf_fail_open": false,
            "enable_xff_client_port": false,
            "id": "arn:aws:elasticloadbalancing:ca-central-1:578841480116:loadbalancer/app/halo-terraform-elb/723f2d90b23c3aa0",
            "idle_timeout": 60,
            "internal": false,
            "ip_address_type": "ipv4",
            "load_balancer_type": "application",
            "name": "halo-terraform-elb",
            "name_prefix": null,
            "preserve_host_header": false,
            "security_groups": [
              "sg-0b2b9134e81886695"
            ],
            "subnet_mapping": [
              {
                "allocation_id": "",
                "ipv6_address": "",
                "outpost_id": "",
                "private_ipv4_address": "",
                "subnet_id": "subnet-05f5dd55cb76a1aae"
              },
              {
                "allocation_id": "",
                "ipv6_address": "",
                "outpost_id": "",
                "private_ipv4_address": "",
                "subnet_id": "subnet-074618ca005e5aecc"
              }
            ],
            "subnets": [
              "subnet-05f5dd55cb76a1aae",
              "subnet-074618ca005e5aecc"
            ],
            "tags": {
              "Application": "Halo"
            },
            "tags_all": {
              "Application": "Halo"
            },
            "timeouts": null,
            "vpc_id": "vpc-02855e8d81cbc6821",
            "xff_header_processing_mode": "append",
            "zone_id": "ZQSVJUPU6J1EY"
          },
          "sensitive_attributes": [],
          "private": "eyJlMmJmYjczMC1lY2FhLTExZTYtOGY4OC0zNDM2M2JjN2M0YzAiOnsiY3JlYXRlIjo2MDAwMDAwMDAwMDAsImRlbGV0ZSI6NjAwMDAwMDAwMDAwLCJ1cGRhdGUiOjYwMDAwMDAwMDAwMH19",
          "dependencies": [
            "aws_security_group.halo_sg",
            "aws_subnet.halo_terraform_private_subnet_1",
            "aws_subnet.halo_terraform_private_subnet_2",
            "aws_vpc.halo_terraform_vpc"
          ]
        }
      ]
    },
    {
      "mode": "managed",
      "type": "aws_lb_listener",
      "name": "front_facing",
      "provider": "provider[\"registry.terraform.io/hashicorp/aws\"]",
      "instances": [
        {
          "schema_version": 0,
          "attributes": {
            "alpn_policy": null,
            "arn": "arn:aws:elasticloadbalancing:ca-central-1:578841480116:listener/app/halo-terraform-elb/723f2d90b23c3aa0/92403a09dd509a9b",
            "certificate_arn": null,
            "default_action": [
              {
                "authenticate_cognito": [],
                "authenticate_oidc": [],
                "fixed_response": [],
                "forward": [],
                "order": 1,
                "redirect": [],
                "target_group_arn": "arn:aws:elasticloadbalancing:ca-central-1:578841480116:targetgroup/terraform-selenium-nodes/80a2837c8c6c319c",
                "type": "forward"
              }
            ],
            "id": "arn:aws:elasticloadbalancing:ca-central-1:578841480116:listener/app/halo-terraform-elb/723f2d90b23c3aa0/92403a09dd509a9b",
            "load_balancer_arn": "arn:aws:elasticloadbalancing:ca-central-1:578841480116:loadbalancer/app/halo-terraform-elb/723f2d90b23c3aa0",
            "port": 80,
            "protocol": "HTTP",
            "ssl_policy": "",
            "tags": null,
            "tags_all": {},
            "timeouts": null
          },
          "sensitive_attributes": [],
          "private": "eyJlMmJmYjczMC1lY2FhLTExZTYtOGY4OC0zNDM2M2JjN2M0YzAiOnsicmVhZCI6NjAwMDAwMDAwMDAwfX0=",
          "dependencies": [
            "aws_lb.halo-elb",
            "aws_lb_target_group.halo-targetGroup",
            "aws_security_group.halo_sg",
            "aws_subnet.halo_terraform_private_subnet_1",
            "aws_subnet.halo_terraform_private_subnet_2",
            "aws_vpc.halo_terraform_vpc"
          ]
        }
      ]
    },
    {
      "mode": "managed",
      "type": "aws_lb_target_group",
      "name": "halo-targetGroup",
      "provider": "provider[\"registry.terraform.io/hashicorp/aws\"]",
      "instances": [
        {
          "schema_version": 0,
          "attributes": {
            "arn": "arn:aws:elasticloadbalancing:ca-central-1:578841480116:targetgroup/terraform-selenium-nodes/80a2837c8c6c319c",
            "arn_suffix": "targetgroup/terraform-selenium-nodes/80a2837c8c6c319c",
            "connection_termination": false,
            "deregistration_delay": "300",
            "health_check": [
              {
                "enabled": true,
                "healthy_threshold": 5,
                "interval": 30,
                "matcher": "200",
                "path": "/",
                "port": "traffic-port",
                "protocol": "HTTP",
                "timeout": 5,
                "unhealthy_threshold": 2
              }
            ],
            "id": "arn:aws:elasticloadbalancing:ca-central-1:578841480116:targetgroup/terraform-selenium-nodes/80a2837c8c6c319c",
            "ip_address_type": "ipv4",
            "lambda_multi_value_headers_enabled": false,
            "load_balancing_algorithm_type": "round_robin",
            "load_balancing_cross_zone_enabled": "use_load_balancer_configuration",
            "name": "terraform-selenium-nodes",
            "name_prefix": null,
            "port": 4444,
            "preserve_client_ip": null,
            "protocol": "HTTP",
            "protocol_version": "HTTP1",
            "proxy_protocol_v2": false,
            "slow_start": 0,
            "stickiness": [
              {
                "cookie_duration": 86400,
                "cookie_name": "",
                "enabled": false,
                "type": "lb_cookie"
              }
            ],
            "tags": {
              "Application": "Halo"
            },
            "tags_all": {
              "Application": "Halo"
            },
            "target_failover": [
              {
                "on_deregistration": null,
                "on_unhealthy": null
              }
            ],
            "target_type": "instance",
            "vpc_id": "vpc-02855e8d81cbc6821"
          },
          "sensitive_attributes": [],
          "private": "bnVsbA==",
          "dependencies": [
            "aws_lb.halo-elb",
            "aws_security_group.halo_sg",
            "aws_subnet.halo_terraform_private_subnet_1",
            "aws_subnet.halo_terraform_private_subnet_2",
            "aws_vpc.halo_terraform_vpc"
          ]
        }
      ]
    },
    {
      "mode": "managed",
      "type": "aws_nat_gateway",
      "name": "haloNatGateway",
      "provider": "provider[\"registry.terraform.io/hashicorp/aws\"]",
      "instances": [
        {
          "schema_version": 0,
          "attributes": {
            "allocation_id": "eipalloc-040d3f4cce71d6dec",
            "association_id": "eipassoc-0e376095309b770e1",
            "connectivity_type": "public",
            "id": "nat-0335f6defa7c63c4a",
            "network_interface_id": "eni-040e4a6fd79c03be4",
            "private_ip": "10.0.0.13",
            "public_ip": "99.79.90.206",
            "secondary_allocation_ids": null,
            "secondary_private_ip_address_count": 0,
            "secondary_private_ip_addresses": [],
            "subnet_id": "subnet-0f630fbaa2ab2833f",
            "tags": {
              "Name": "halo-terraform-nat-gateway"
            },
            "tags_all": {
              "Name": "halo-terraform-nat-gateway"
            },
            "timeouts": null
          },
          "sensitive_attributes": [],
          "private": "eyJlMmJmYjczMC1lY2FhLTExZTYtOGY4OC0zNDM2M2JjN2M0YzAiOnsiY3JlYXRlIjo2MDAwMDAwMDAwMDAsImRlbGV0ZSI6MTgwMDAwMDAwMDAwMCwidXBkYXRlIjo2MDAwMDAwMDAwMDB9fQ==",
          "dependencies": [
            "aws_eip.haloPublicNatIP",
            "aws_internet_gateway.halo-terraform-igw",
            "aws_subnet.halo_terraform_public_subnet_1",
            "aws_vpc.halo_terraform_vpc"
          ]
        }
      ]
    },
    {
      "mode": "managed",
      "type": "aws_route_table",
      "name": "PublicRouteTable",
      "provider": "provider[\"registry.terraform.io/hashicorp/aws\"]",
      "instances": [
        {
          "schema_version": 0,
          "attributes": {
            "arn": "arn:aws:ec2:ca-central-1:578841480116:route-table/rtb-0cbea84575e9e3e3b",
            "id": "rtb-0cbea84575e9e3e3b",
            "owner_id": "578841480116",
            "propagating_vgws": [],
            "route": [
              {
                "carrier_gateway_id": "",
                "cidr_block": "0.0.0.0/0",
                "core_network_arn": "",
                "destination_prefix_list_id": "",
                "egress_only_gateway_id": "",
                "gateway_id": "igw-0bbe88e2cfcf5c2b9",
                "ipv6_cidr_block": "",
                "local_gateway_id": "",
                "nat_gateway_id": "",
                "network_interface_id": "",
                "transit_gateway_id": "",
                "vpc_endpoint_id": "",
                "vpc_peering_connection_id": ""
              }
            ],
            "tags": {
              "Name": "PublicRouteTable"
            },
            "tags_all": {
              "Name": "PublicRouteTable"
            },
            "timeouts": null,
            "vpc_id": "vpc-02855e8d81cbc6821"
          },
          "sensitive_attributes": [],
          "private": "eyJlMmJmYjczMC1lY2FhLTExZTYtOGY4OC0zNDM2M2JjN2M0YzAiOnsiY3JlYXRlIjozMDAwMDAwMDAwMDAsImRlbGV0ZSI6MzAwMDAwMDAwMDAwLCJ1cGRhdGUiOjEyMDAwMDAwMDAwMH19",
          "dependencies": [
            "aws_internet_gateway.halo-terraform-igw",
            "aws_vpc.halo_terraform_vpc"
          ]
        }
      ]
    },
    {
      "mode": "managed",
      "type": "aws_route_table",
      "name": "privateRouteTable1",
      "provider": "provider[\"registry.terraform.io/hashicorp/aws\"]",
      "instances": [
        {
          "schema_version": 0,
          "attributes": {
            "arn": "arn:aws:ec2:ca-central-1:578841480116:route-table/rtb-06ef85245775414a4",
            "id": "rtb-06ef85245775414a4",
            "owner_id": "578841480116",
            "propagating_vgws": [],
            "route": [
              {
                "carrier_gateway_id": "",
                "cidr_block": "0.0.0.0/0",
                "core_network_arn": "",
                "destination_prefix_list_id": "",
                "egress_only_gateway_id": "",
                "gateway_id": "nat-0335f6defa7c63c4a",
                "ipv6_cidr_block": "",
                "local_gateway_id": "",
                "nat_gateway_id": "",
                "network_interface_id": "",
                "transit_gateway_id": "",
                "vpc_endpoint_id": "",
                "vpc_peering_connection_id": ""
              }
            ],
            "tags": {
              "Name": "halo-terraform-rtb-private1-ca-central-1a"
            },
            "tags_all": {
              "Name": "halo-terraform-rtb-private1-ca-central-1a"
            },
            "timeouts": null,
            "vpc_id": "vpc-02855e8d81cbc6821"
          },
          "sensitive_attributes": [],
          "private": "eyJlMmJmYjczMC1lY2FhLTExZTYtOGY4OC0zNDM2M2JjN2M0YzAiOnsiY3JlYXRlIjozMDAwMDAwMDAwMDAsImRlbGV0ZSI6MzAwMDAwMDAwMDAwLCJ1cGRhdGUiOjEyMDAwMDAwMDAwMH19",
          "dependencies": [
            "aws_eip.haloPublicNatIP",
            "aws_internet_gateway.halo-terraform-igw",
            "aws_nat_gateway.haloNatGateway",
            "aws_subnet.halo_terraform_private_subnet_1",
            "aws_subnet.halo_terraform_public_subnet_1",
            "aws_vpc.halo_terraform_vpc"
          ]
        }
      ]
    },
    {
      "mode": "managed",
      "type": "aws_route_table",
      "name": "privateRouteTable2",
      "provider": "provider[\"registry.terraform.io/hashicorp/aws\"]",
      "instances": [
        {
          "schema_version": 0,
          "attributes": {
            "arn": "arn:aws:ec2:ca-central-1:578841480116:route-table/rtb-054c569da5999e6d9",
            "id": "rtb-054c569da5999e6d9",
            "owner_id": "578841480116",
            "propagating_vgws": [],
            "route": [
              {
                "carrier_gateway_id": "",
                "cidr_block": "0.0.0.0/0",
                "core_network_arn": "",
                "destination_prefix_list_id": "",
                "egress_only_gateway_id": "",
                "gateway_id": "nat-0335f6defa7c63c4a",
                "ipv6_cidr_block": "",
                "local_gateway_id": "",
                "nat_gateway_id": "",
                "network_interface_id": "",
                "transit_gateway_id": "",
                "vpc_endpoint_id": "",
                "vpc_peering_connection_id": ""
              }
            ],
            "tags": {
              "Name": "halo-terraform-rtb-private1-ca-central-1b"
            },
            "tags_all": {
              "Name": "halo-terraform-rtb-private1-ca-central-1b"
            },
            "timeouts": null,
            "vpc_id": "vpc-02855e8d81cbc6821"
          },
          "sensitive_attributes": [],
          "private": "eyJlMmJmYjczMC1lY2FhLTExZTYtOGY4OC0zNDM2M2JjN2M0YzAiOnsiY3JlYXRlIjozMDAwMDAwMDAwMDAsImRlbGV0ZSI6MzAwMDAwMDAwMDAwLCJ1cGRhdGUiOjEyMDAwMDAwMDAwMH19",
          "dependencies": [
            "aws_eip.haloPublicNatIP",
            "aws_internet_gateway.halo-terraform-igw",
            "aws_nat_gateway.haloNatGateway",
            "aws_subnet.halo_terraform_private_subnet_1",
            "aws_subnet.halo_terraform_public_subnet_1",
            "aws_vpc.halo_terraform_vpc"
          ]
        }
      ]
    },
    {
      "mode": "managed",
      "type": "aws_route_table_association",
      "name": "private1Association",
      "provider": "provider[\"registry.terraform.io/hashicorp/aws\"]",
      "instances": [
        {
          "schema_version": 0,
          "attributes": {
            "gateway_id": "",
            "id": "rtbassoc-02cedc4d28f01ef75",
            "route_table_id": "rtb-06ef85245775414a4",
            "subnet_id": "subnet-05f5dd55cb76a1aae",
            "timeouts": null
          },
          "sensitive_attributes": [],
          "private": "eyJlMmJmYjczMC1lY2FhLTExZTYtOGY4OC0zNDM2M2JjN2M0YzAiOnsiY3JlYXRlIjozMDAwMDAwMDAwMDAsImRlbGV0ZSI6MzAwMDAwMDAwMDAwLCJ1cGRhdGUiOjEyMDAwMDAwMDAwMH19",
          "dependencies": [
            "aws_eip.haloPublicNatIP",
            "aws_internet_gateway.halo-terraform-igw",
            "aws_nat_gateway.haloNatGateway",
            "aws_route_table.privateRouteTable1",
            "aws_subnet.halo_terraform_private_subnet_1",
            "aws_subnet.halo_terraform_public_subnet_1",
            "aws_vpc.halo_terraform_vpc"
          ]
        }
      ]
    },
    {
      "mode": "managed",
      "type": "aws_route_table_association",
      "name": "private2Association",
      "provider": "provider[\"registry.terraform.io/hashicorp/aws\"]",
      "instances": [
        {
          "schema_version": 0,
          "attributes": {
            "gateway_id": "",
            "id": "rtbassoc-0d3f50e092273812e",
            "route_table_id": "rtb-054c569da5999e6d9",
            "subnet_id": "subnet-074618ca005e5aecc",
            "timeouts": null
          },
          "sensitive_attributes": [],
          "private": "eyJlMmJmYjczMC1lY2FhLTExZTYtOGY4OC0zNDM2M2JjN2M0YzAiOnsiY3JlYXRlIjozMDAwMDAwMDAwMDAsImRlbGV0ZSI6MzAwMDAwMDAwMDAwLCJ1cGRhdGUiOjEyMDAwMDAwMDAwMH19",
          "dependencies": [
            "aws_eip.haloPublicNatIP",
            "aws_internet_gateway.halo-terraform-igw",
            "aws_nat_gateway.haloNatGateway",
            "aws_route_table.privateRouteTable2",
            "aws_subnet.halo_terraform_private_subnet_1",
            "aws_subnet.halo_terraform_private_subnet_2",
            "aws_subnet.halo_terraform_public_subnet_1",
            "aws_vpc.halo_terraform_vpc"
          ]
        }
      ]
    },
    {
      "mode": "managed",
      "type": "aws_route_table_association",
      "name": "public1Association",
      "provider": "provider[\"registry.terraform.io/hashicorp/aws\"]",
      "instances": [
        {
          "schema_version": 0,
          "attributes": {
            "gateway_id": "",
            "id": "rtbassoc-09d971d55ac10adec",
            "route_table_id": "rtb-0cbea84575e9e3e3b",
            "subnet_id": "subnet-0f630fbaa2ab2833f",
            "timeouts": null
          },
          "sensitive_attributes": [],
          "private": "eyJlMmJmYjczMC1lY2FhLTExZTYtOGY4OC0zNDM2M2JjN2M0YzAiOnsiY3JlYXRlIjozMDAwMDAwMDAwMDAsImRlbGV0ZSI6MzAwMDAwMDAwMDAwLCJ1cGRhdGUiOjEyMDAwMDAwMDAwMH19",
          "dependencies": [
            "aws_internet_gateway.halo-terraform-igw",
            "aws_route_table.PublicRouteTable",
            "aws_subnet.halo_terraform_public_subnet_1",
            "aws_vpc.halo_terraform_vpc"
          ]
        }
      ]
    },
    {
      "mode": "managed",
      "type": "aws_route_table_association",
      "name": "public2Association",
      "provider": "provider[\"registry.terraform.io/hashicorp/aws\"]",
      "instances": [
        {
          "schema_version": 0,
          "attributes": {
            "gateway_id": "",
            "id": "rtbassoc-0e81d0bf482272608",
            "route_table_id": "rtb-0cbea84575e9e3e3b",
            "subnet_id": "subnet-00c84c2c4d9387b63",
            "timeouts": null
          },
          "sensitive_attributes": [],
          "private": "eyJlMmJmYjczMC1lY2FhLTExZTYtOGY4OC0zNDM2M2JjN2M0YzAiOnsiY3JlYXRlIjozMDAwMDAwMDAwMDAsImRlbGV0ZSI6MzAwMDAwMDAwMDAwLCJ1cGRhdGUiOjEyMDAwMDAwMDAwMH19",
          "dependencies": [
            "aws_internet_gateway.halo-terraform-igw",
            "aws_route_table.PublicRouteTable",
            "aws_subnet.halo_terraform_public_subnet_2",
            "aws_vpc.halo_terraform_vpc"
          ]
        }
      ]
    },
    {
      "mode": "managed",
      "type": "aws_security_group",
      "name": "halo_sg",
      "provider": "provider[\"registry.terraform.io/hashicorp/aws\"]",
      "instances": [
        {
          "schema_version": 1,
          "attributes": {
            "arn": "arn:aws:ec2:ca-central-1:578841480116:security-group/sg-0b2b9134e81886695",
            "description": "Allow all port and all ips from inbound and outbound",
            "egress": [
              {
                "cidr_blocks": [
                  "0.0.0.0/0"
                ],
                "description": "Allow all from VPC",
                "from_port": 0,
                "ipv6_cidr_blocks": [
                  "::/0"
                ],
                "prefix_list_ids": [],
                "protocol": "-1",
                "security_groups": [],
                "self": false,
                "to_port": 0
              }
            ],
            "id": "sg-0b2b9134e81886695",
            "ingress": [
              {
                "cidr_blocks": [
                  "0.0.0.0/0"
                ],
                "description": "Allow all in VPC",
                "from_port": 0,
                "ipv6_cidr_blocks": [
                  "::/0"
                ],
                "prefix_list_ids": [],
                "protocol": "-1",
                "security_groups": [],
                "self": false,
                "to_port": 0
              }
            ],
            "name": "haloTerraformSG",
            "name_prefix": "",
            "owner_id": "578841480116",
            "revoke_rules_on_delete": false,
            "tags": {
              "Name": "haloTerraformSecurityGroup"
            },
            "tags_all": {
              "Name": "haloTerraformSecurityGroup"
            },
            "timeouts": null,
            "vpc_id": "vpc-02855e8d81cbc6821"
          },
          "sensitive_attributes": [],
          "private": "eyJlMmJmYjczMC1lY2FhLTExZTYtOGY4OC0zNDM2M2JjN2M0YzAiOnsiY3JlYXRlIjo2MDAwMDAwMDAwMDAsImRlbGV0ZSI6OTAwMDAwMDAwMDAwfSwic2NoZW1hX3ZlcnNpb24iOiIxIn0=",
          "dependencies": [
            "aws_vpc.halo_terraform_vpc"
          ]
        }
      ]
    },
    {
      "mode": "managed",
      "type": "aws_subnet",
      "name": "halo_terraform_private_subnet_1",
      "provider": "provider[\"registry.terraform.io/hashicorp/aws\"]",
      "instances": [
        {
          "schema_version": 1,
          "attributes": {
            "arn": "arn:aws:ec2:ca-central-1:578841480116:subnet/subnet-05f5dd55cb76a1aae",
            "assign_ipv6_address_on_creation": false,
            "availability_zone": "ca-central-1a",
            "availability_zone_id": "cac1-az1",
            "cidr_block": "10.0.0.32/27",
            "customer_owned_ipv4_pool": "",
            "enable_dns64": false,
            "enable_lni_at_device_index": 0,
            "enable_resource_name_dns_a_record_on_launch": false,
            "enable_resource_name_dns_aaaa_record_on_launch": false,
            "id": "subnet-05f5dd55cb76a1aae",
            "ipv6_cidr_block": "",
            "ipv6_cidr_block_association_id": "",
            "ipv6_native": false,
            "map_customer_owned_ip_on_launch": false,
            "map_public_ip_on_launch": false,
            "outpost_arn": "",
            "owner_id": "578841480116",
            "private_dns_hostname_type_on_launch": "ip-name",
            "tags": {
              "Name": "halo-terraform-subnet-private1-ca-central-1a"
            },
            "tags_all": {
              "Name": "halo-terraform-subnet-private1-ca-central-1a"
            },
            "timeouts": null,
            "vpc_id": "vpc-02855e8d81cbc6821"
          },
          "sensitive_attributes": [],
          "private": "eyJlMmJmYjczMC1lY2FhLTExZTYtOGY4OC0zNDM2M2JjN2M0YzAiOnsiY3JlYXRlIjo2MDAwMDAwMDAwMDAsImRlbGV0ZSI6MTIwMDAwMDAwMDAwMH0sInNjaGVtYV92ZXJzaW9uIjoiMSJ9",
          "dependencies": [
            "aws_vpc.halo_terraform_vpc"
          ]
        }
      ]
    },
    {
      "mode": "managed",
      "type": "aws_subnet",
      "name": "halo_terraform_private_subnet_2",
      "provider": "provider[\"registry.terraform.io/hashicorp/aws\"]",
      "instances": [
        {
          "schema_version": 1,
          "attributes": {
            "arn": "arn:aws:ec2:ca-central-1:578841480116:subnet/subnet-074618ca005e5aecc",
            "assign_ipv6_address_on_creation": false,
            "availability_zone": "ca-central-1b",
            "availability_zone_id": "cac1-az2",
            "cidr_block": "10.0.0.64/27",
            "customer_owned_ipv4_pool": "",
            "enable_dns64": false,
            "enable_lni_at_device_index": 0,
            "enable_resource_name_dns_a_record_on_launch": false,
            "enable_resource_name_dns_aaaa_record_on_launch": false,
            "id": "subnet-074618ca005e5aecc",
            "ipv6_cidr_block": "",
            "ipv6_cidr_block_association_id": "",
            "ipv6_native": false,
            "map_customer_owned_ip_on_launch": false,
            "map_public_ip_on_launch": false,
            "outpost_arn": "",
            "owner_id": "578841480116",
            "private_dns_hostname_type_on_launch": "ip-name",
            "tags": {
              "Name": "halo-terraform-subnet-private1-ca-central-1b"
            },
            "tags_all": {
              "Name": "halo-terraform-subnet-private1-ca-central-1b"
            },
            "timeouts": null,
            "vpc_id": "vpc-02855e8d81cbc6821"
          },
          "sensitive_attributes": [],
          "private": "eyJlMmJmYjczMC1lY2FhLTExZTYtOGY4OC0zNDM2M2JjN2M0YzAiOnsiY3JlYXRlIjo2MDAwMDAwMDAwMDAsImRlbGV0ZSI6MTIwMDAwMDAwMDAwMH0sInNjaGVtYV92ZXJzaW9uIjoiMSJ9",
          "dependencies": [
            "aws_vpc.halo_terraform_vpc"
          ]
        }
      ]
    },
    {
      "mode": "managed",
      "type": "aws_subnet",
      "name": "halo_terraform_public_subnet_1",
      "provider": "provider[\"registry.terraform.io/hashicorp/aws\"]",
      "instances": [
        {
          "schema_version": 1,
          "attributes": {
            "arn": "arn:aws:ec2:ca-central-1:578841480116:subnet/subnet-0f630fbaa2ab2833f",
            "assign_ipv6_address_on_creation": false,
            "availability_zone": "ca-central-1a",
            "availability_zone_id": "cac1-az1",
            "cidr_block": "10.0.0.0/28",
            "customer_owned_ipv4_pool": "",
            "enable_dns64": false,
            "enable_lni_at_device_index": 0,
            "enable_resource_name_dns_a_record_on_launch": false,
            "enable_resource_name_dns_aaaa_record_on_launch": false,
            "id": "subnet-0f630fbaa2ab2833f",
            "ipv6_cidr_block": "",
            "ipv6_cidr_block_association_id": "",
            "ipv6_native": false,
            "map_customer_owned_ip_on_launch": false,
            "map_public_ip_on_launch": false,
            "outpost_arn": "",
            "owner_id": "578841480116",
            "private_dns_hostname_type_on_launch": "ip-name",
            "tags": {
              "Name": "halo-terraform-subnet-public1-ca-central-1a"
            },
            "tags_all": {
              "Name": "halo-terraform-subnet-public1-ca-central-1a"
            },
            "timeouts": null,
            "vpc_id": "vpc-02855e8d81cbc6821"
          },
          "sensitive_attributes": [],
          "private": "eyJlMmJmYjczMC1lY2FhLTExZTYtOGY4OC0zNDM2M2JjN2M0YzAiOnsiY3JlYXRlIjo2MDAwMDAwMDAwMDAsImRlbGV0ZSI6MTIwMDAwMDAwMDAwMH0sInNjaGVtYV92ZXJzaW9uIjoiMSJ9",
          "dependencies": [
            "aws_vpc.halo_terraform_vpc"
          ]
        }
      ]
    },
    {
      "mode": "managed",
      "type": "aws_subnet",
      "name": "halo_terraform_public_subnet_2",
      "provider": "provider[\"registry.terraform.io/hashicorp/aws\"]",
      "instances": [
        {
          "schema_version": 1,
          "attributes": {
            "arn": "arn:aws:ec2:ca-central-1:578841480116:subnet/subnet-00c84c2c4d9387b63",
            "assign_ipv6_address_on_creation": false,
            "availability_zone": "ca-central-1b",
            "availability_zone_id": "cac1-az2",
            "cidr_block": "10.0.0.16/28",
            "customer_owned_ipv4_pool": "",
            "enable_dns64": false,
            "enable_lni_at_device_index": 0,
            "enable_resource_name_dns_a_record_on_launch": false,
            "enable_resource_name_dns_aaaa_record_on_launch": false,
            "id": "subnet-00c84c2c4d9387b63",
            "ipv6_cidr_block": "",
            "ipv6_cidr_block_association_id": "",
            "ipv6_native": false,
            "map_customer_owned_ip_on_launch": false,
            "map_public_ip_on_launch": false,
            "outpost_arn": "",
            "owner_id": "578841480116",
            "private_dns_hostname_type_on_launch": "ip-name",
            "tags": {
              "Name": "halo-terraform-subnet-public2-ca-central-1b"
            },
            "tags_all": {
              "Name": "halo-terraform-subnet-public2-ca-central-1b"
            },
            "timeouts": null,
            "vpc_id": "vpc-02855e8d81cbc6821"
          },
          "sensitive_attributes": [],
          "private": "eyJlMmJmYjczMC1lY2FhLTExZTYtOGY4OC0zNDM2M2JjN2M0YzAiOnsiY3JlYXRlIjo2MDAwMDAwMDAwMDAsImRlbGV0ZSI6MTIwMDAwMDAwMDAwMH0sInNjaGVtYV92ZXJzaW9uIjoiMSJ9",
          "dependencies": [
            "aws_vpc.halo_terraform_vpc"
          ]
        }
      ]
    },
    {
      "mode": "managed",
      "type": "aws_vpc",
      "name": "halo_terraform_vpc",
      "provider": "provider[\"registry.terraform.io/hashicorp/aws\"]",
      "instances": [
        {
          "schema_version": 1,
          "attributes": {
            "arn": "arn:aws:ec2:ca-central-1:578841480116:vpc/vpc-02855e8d81cbc6821",
            "assign_generated_ipv6_cidr_block": false,
            "cidr_block": "10.0.0.0/24",
            "default_network_acl_id": "acl-04af4daa26fa25837",
            "default_route_table_id": "rtb-03c07af777c0445c9",
            "default_security_group_id": "sg-06a4daffa0581b413",
            "dhcp_options_id": "dopt-03ee32cb7e5ccac45",
            "enable_dns_hostnames": false,
            "enable_dns_support": true,
            "enable_network_address_usage_metrics": false,
            "id": "vpc-02855e8d81cbc6821",
            "instance_tenancy": "default",
            "ipv4_ipam_pool_id": null,
            "ipv4_netmask_length": null,
            "ipv6_association_id": "",
            "ipv6_cidr_block": "",
            "ipv6_cidr_block_network_border_group": "",
            "ipv6_ipam_pool_id": "",
            "ipv6_netmask_length": 0,
            "main_route_table_id": "rtb-03c07af777c0445c9",
            "owner_id": "578841480116",
            "tags": {
              "Name": "halo-terraform"
            },
            "tags_all": {
              "Name": "halo-terraform"
            }
          },
          "sensitive_attributes": [],
          "private": "eyJzY2hlbWFfdmVyc2lvbiI6IjEifQ=="
        }
      ]
    }
  ],
  "check_results": null
}
